// !$*UTF8*$!
{
	archiveVersion = 1;
	classes = {
	};
	objectVersion = 56;
	objects = {

/* Begin PBXBuildFile section */
		7CEBDF54294DE074000038C8 /* LoremPicsumClientApp.swift in Sources */ = {isa = PBXBuildFile; fileRef = 7CEBDF53294DE074000038C8 /* LoremPicsumClientApp.swift */; };
		7CEBDF56294DE074000038C8 /* ContentView.swift in Sources */ = {isa = PBXBuildFile; fileRef = 7CEBDF55294DE074000038C8 /* ContentView.swift */; };
		7CEBDF58294DE075000038C8 /* Assets.xcassets in Resources */ = {isa = PBXBuildFile; fileRef = 7CEBDF57294DE075000038C8 /* Assets.xcassets */; };
		7CEBDF5B294DE075000038C8 /* Preview Assets.xcassets in Resources */ = {isa = PBXBuildFile; fileRef = 7CEBDF5A294DE075000038C8 /* Preview Assets.xcassets */; };
		7CEBDF63294DE240000038C8 /* LoremPicsumImage.swift in Sources */ = {isa = PBXBuildFile; fileRef = 7CEBDF62294DE240000038C8 /* LoremPicsumImage.swift */; };
		7CEBDF65294DE3E3000038C8 /* ProcessInfo+XCodePreviews.swift in Sources */ = {isa = PBXBuildFile; fileRef = 7CEBDF64294DE3E3000038C8 /* ProcessInfo+XCodePreviews.swift */; };
		7CEBDF71294DE7BA000038C8 /* LoremPicsumClientTests.swift in Sources */ = {isa = PBXBuildFile; fileRef = 7CEBDF70294DE7BA000038C8 /* LoremPicsumClientTests.swift */; };
		7CEBDF7B294DE826000038C8 /* LoremPicsum.swift in Sources */ = {isa = PBXBuildFile; fileRef = 7CEBDF7A294DE826000038C8 /* LoremPicsum.swift */; };
		7CEBDF80294DE865000038C8 /* LoremPicsumTests.swift in Sources */ = {isa = PBXBuildFile; fileRef = 7CEBDF7F294DE865000038C8 /* LoremPicsumTests.swift */; };
		7CEBDF82294E191B000038C8 /* URLComponents+Convenience.swift in Sources */ = {isa = PBXBuildFile; fileRef = 7CEBDF81294E191B000038C8 /* URLComponents+Convenience.swift */; };
		7CEBDF84294E1AE6000038C8 /* LoremPicsumList.swift in Sources */ = {isa = PBXBuildFile; fileRef = 7CEBDF83294E1AE6000038C8 /* LoremPicsumList.swift */; };
/* End PBXBuildFile section */

/* Begin PBXContainerItemProxy section */
		7CEBDF72294DE7BA000038C8 /* PBXContainerItemProxy */ = {
			isa = PBXContainerItemProxy;
			containerPortal = 7CEBDF48294DE074000038C8 /* Project object */;
			proxyType = 1;
			remoteGlobalIDString = 7CEBDF4F294DE074000038C8;
			remoteInfo = LoremPicsumClient;
		};
/* End PBXContainerItemProxy section */

/* Begin PBXFileReference section */
		7CEBDF50294DE074000038C8 /* LoremPicsumClient.app */ = {isa = PBXFileReference; explicitFileType = wrapper.application; includeInIndex = 0; path = LoremPicsumClient.app; sourceTree = BUILT_PRODUCTS_DIR; };
		7CEBDF53294DE074000038C8 /* LoremPicsumClientApp.swift */ = {isa = PBXFileReference; lastKnownFileType = sourcecode.swift; path = LoremPicsumClientApp.swift; sourceTree = "<group>"; };
		7CEBDF55294DE074000038C8 /* ContentView.swift */ = {isa = PBXFileReference; lastKnownFileType = sourcecode.swift; path = ContentView.swift; sourceTree = "<group>"; };
		7CEBDF57294DE075000038C8 /* Assets.xcassets */ = {isa = PBXFileReference; lastKnownFileType = folder.assetcatalog; path = Assets.xcassets; sourceTree = "<group>"; };
		7CEBDF5A294DE075000038C8 /* Preview Assets.xcassets */ = {isa = PBXFileReference; lastKnownFileType = folder.assetcatalog; path = "Preview Assets.xcassets"; sourceTree = "<group>"; };
		7CEBDF5C294DE075000038C8 /* LoremPicsumClient.entitlements */ = {isa = PBXFileReference; lastKnownFileType = text.plist.entitlements; path = LoremPicsumClient.entitlements; sourceTree = "<group>"; };
		7CEBDF62294DE240000038C8 /* LoremPicsumImage.swift */ = {isa = PBXFileReference; lastKnownFileType = sourcecode.swift; path = LoremPicsumImage.swift; sourceTree = "<group>"; };
		7CEBDF64294DE3E3000038C8 /* ProcessInfo+XCodePreviews.swift */ = {isa = PBXFileReference; lastKnownFileType = sourcecode.swift; path = "ProcessInfo+XCodePreviews.swift"; sourceTree = "<group>"; };
		7CEBDF6E294DE7BA000038C8 /* LoremPicsumClientTests.xctest */ = {isa = PBXFileReference; explicitFileType = wrapper.cfbundle; includeInIndex = 0; path = LoremPicsumClientTests.xctest; sourceTree = BUILT_PRODUCTS_DIR; };
		7CEBDF70294DE7BA000038C8 /* LoremPicsumClientTests.swift */ = {isa = PBXFileReference; lastKnownFileType = sourcecode.swift; path = LoremPicsumClientTests.swift; sourceTree = "<group>"; };
		7CEBDF7A294DE826000038C8 /* LoremPicsum.swift */ = {isa = PBXFileReference; lastKnownFileType = sourcecode.swift; path = LoremPicsum.swift; sourceTree = "<group>"; };
		7CEBDF7F294DE865000038C8 /* LoremPicsumTests.swift */ = {isa = PBXFileReference; lastKnownFileType = sourcecode.swift; path = LoremPicsumTests.swift; sourceTree = "<group>"; };
		7CEBDF81294E191B000038C8 /* URLComponents+Convenience.swift */ = {isa = PBXFileReference; lastKnownFileType = sourcecode.swift; path = "URLComponents+Convenience.swift"; sourceTree = "<group>"; };
		7CEBDF83294E1AE6000038C8 /* LoremPicsumList.swift */ = {isa = PBXFileReference; lastKnownFileType = sourcecode.swift; path = LoremPicsumList.swift; sourceTree = "<group>"; };
/* End PBXFileReference section */

/* Begin PBXFrameworksBuildPhase section */
		7CEBDF4D294DE074000038C8 /* Frameworks */ = {
			isa = PBXFrameworksBuildPhase;
			buildActionMask = 2147483647;
			files = (
			);
			runOnlyForDeploymentPostprocessing = 0;
		};
		7CEBDF6B294DE7BA000038C8 /* Frameworks */ = {
			isa = PBXFrameworksBuildPhase;
			buildActionMask = 2147483647;
			files = (
			);
			runOnlyForDeploymentPostprocessing = 0;
		};
/* End PBXFrameworksBuildPhase section */

/* Begin PBXGroup section */
		7CEBDF47294DE074000038C8 = {
			isa = PBXGroup;
			children = (
				7CEBDF52294DE074000038C8 /* LoremPicsumClient */,
				7CEBDF6F294DE7BA000038C8 /* LoremPicsumClientTests */,
				7CEBDF51294DE074000038C8 /* Products */,
			);
			sourceTree = "<group>";
		};
		7CEBDF51294DE074000038C8 /* Products */ = {
			isa = PBXGroup;
			children = (
				7CEBDF50294DE074000038C8 /* LoremPicsumClient.app */,
				7CEBDF6E294DE7BA000038C8 /* LoremPicsumClientTests.xctest */,
			);
			name = Products;
			sourceTree = "<group>";
		};
		7CEBDF52294DE074000038C8 /* LoremPicsumClient */ = {
			isa = PBXGroup;
			children = (
				7CEBDF53294DE074000038C8 /* LoremPicsumClientApp.swift */,
				7CEBDF55294DE074000038C8 /* ContentView.swift */,
				7CEBDF77294DE7F3000038C8 /* Model */,
				7CEBDF78294DE7F7000038C8 /* View */,
				7CEBDF79294DE801000038C8 /* Foundation Additions */,
				7CEBDF57294DE075000038C8 /* Assets.xcassets */,
				7CEBDF5C294DE075000038C8 /* LoremPicsumClient.entitlements */,
				7CEBDF59294DE075000038C8 /* Preview Content */,
			);
			path = LoremPicsumClient;
			sourceTree = "<group>";
		};
		7CEBDF59294DE075000038C8 /* Preview Content */ = {
			isa = PBXGroup;
			children = (
				7CEBDF5A294DE075000038C8 /* Preview Assets.xcassets */,
			);
			path = "Preview Content";
			sourceTree = "<group>";
		};
		7CEBDF6F294DE7BA000038C8 /* LoremPicsumClientTests */ = {
			isa = PBXGroup;
			children = (
				7CEBDF70294DE7BA000038C8 /* LoremPicsumClientTests.swift */,
				7CEBDF7F294DE865000038C8 /* LoremPicsumTests.swift */,
			);
			path = LoremPicsumClientTests;
			sourceTree = "<group>";
		};
		7CEBDF77294DE7F3000038C8 /* Model */ = {
			isa = PBXGroup;
			children = (
				7CEBDF7A294DE826000038C8 /* LoremPicsum.swift */,
				7CEBDF83294E1AE6000038C8 /* LoremPicsumList.swift */,
			);
			path = Model;
			sourceTree = "<group>";
		};
		7CEBDF78294DE7F7000038C8 /* View */ = {
			isa = PBXGroup;
			children = (
				7CEBDF62294DE240000038C8 /* LoremPicsumImage.swift */,
			);
			path = View;
			sourceTree = "<group>";
		};
		7CEBDF79294DE801000038C8 /* Foundation Additions */ = {
			isa = PBXGroup;
			children = (
				7CEBDF64294DE3E3000038C8 /* ProcessInfo+XCodePreviews.swift */,
				7CEBDF81294E191B000038C8 /* URLComponents+Convenience.swift */,
			);
			path = "Foundation Additions";
			sourceTree = "<group>";
		};
/* End PBXGroup section */

/* Begin PBXNativeTarget section */
		7CEBDF4F294DE074000038C8 /* LoremPicsumClient */ = {
			isa = PBXNativeTarget;
			buildConfigurationList = 7CEBDF5F294DE075000038C8 /* Build configuration list for PBXNativeTarget "LoremPicsumClient" */;
			buildPhases = (
				7CEBDF4C294DE074000038C8 /* Sources */,
				7CEBDF4D294DE074000038C8 /* Frameworks */,
				7CEBDF4E294DE074000038C8 /* Resources */,
			);
			buildRules = (
			);
			dependencies = (
			);
			name = LoremPicsumClient;
			productName = LoremPicsumClient;
			productReference = 7CEBDF50294DE074000038C8 /* LoremPicsumClient.app */;
			productType = "com.apple.product-type.application";
		};
		7CEBDF6D294DE7BA000038C8 /* LoremPicsumClientTests */ = {
			isa = PBXNativeTarget;
			buildConfigurationList = 7CEBDF76294DE7BA000038C8 /* Build configuration list for PBXNativeTarget "LoremPicsumClientTests" */;
			buildPhases = (
				7CEBDF6A294DE7BA000038C8 /* Sources */,
				7CEBDF6B294DE7BA000038C8 /* Frameworks */,
				7CEBDF6C294DE7BA000038C8 /* Resources */,
			);
			buildRules = (
			);
			dependencies = (
				7CEBDF73294DE7BA000038C8 /* PBXTargetDependency */,
			);
			name = LoremPicsumClientTests;
			productName = LoremPicsumClientTests;
			productReference = 7CEBDF6E294DE7BA000038C8 /* LoremPicsumClientTests.xctest */;
			productType = "com.apple.product-type.bundle.unit-test";
		};
/* End PBXNativeTarget section */

/* Begin PBXProject section */
		7CEBDF48294DE074000038C8 /* Project object */ = {
			isa = PBXProject;
			attributes = {
				BuildIndependentTargetsInParallel = 1;
				LastSwiftUpdateCheck = 1420;
				LastUpgradeCheck = 1420;
				TargetAttributes = {
					7CEBDF4F294DE074000038C8 = {
						CreatedOnToolsVersion = 14.2;
					};
					7CEBDF6D294DE7BA000038C8 = {
						CreatedOnToolsVersion = 14.2;
						TestTargetID = 7CEBDF4F294DE074000038C8;
					};
				};
			};
			buildConfigurationList = 7CEBDF4B294DE074000038C8 /* Build configuration list for PBXProject "LoremPicsumClient" */;
			compatibilityVersion = "Xcode 14.0";
			developmentRegion = en;
			hasScannedForEncodings = 0;
			knownRegions = (
				en,
				Base,
			);
			mainGroup = 7CEBDF47294DE074000038C8;
			productRefGroup = 7CEBDF51294DE074000038C8 /* Products */;
			projectDirPath = "";
			projectRoot = "";
			targets = (
				7CEBDF4F294DE074000038C8 /* LoremPicsumClient */,
				7CEBDF6D294DE7BA000038C8 /* LoremPicsumClientTests */,
			);
		};
/* End PBXProject section */

/* Begin PBXResourcesBuildPhase section */
		7CEBDF4E294DE074000038C8 /* Resources */ = {
			isa = PBXResourcesBuildPhase;
			buildActionMask = 2147483647;
			files = (
				7CEBDF5B294DE075000038C8 /* Preview Assets.xcassets in Resources */,
				7CEBDF58294DE075000038C8 /* Assets.xcassets in Resources */,
			);
			runOnlyForDeploymentPostprocessing = 0;
		};
		7CEBDF6C294DE7BA000038C8 /* Resources */ = {
			isa = PBXResourcesBuildPhase;
			buildActionMask = 2147483647;
			files = (
			);
			runOnlyForDeploymentPostprocessing = 0;
		};
/* End PBXResourcesBuildPhase section */

/* Begin PBXSourcesBuildPhase section */
		7CEBDF4C294DE074000038C8 /* Sources */ = {
			isa = PBXSourcesBuildPhase;
			buildActionMask = 2147483647;
			files = (
				7CEBDF65294DE3E3000038C8 /* ProcessInfo+XCodePreviews.swift in Sources */,
				7CEBDF84294E1AE6000038C8 /* LoremPicsumList.swift in Sources */,
				7CEBDF82294E191B000038C8 /* URLComponents+Convenience.swift in Sources */,
				7CEBDF56294DE074000038C8 /* ContentView.swift in Sources */,
				7CEBDF63294DE240000038C8 /* LoremPicsumImage.swift in Sources */,
				7CEBDF54294DE074000038C8 /* LoremPicsumClientApp.swift in Sources */,
				7CEBDF7B294DE826000038C8 /* LoremPicsum.swift in Sources */,
			);
			runOnlyForDeploymentPostprocessing = 0;
		};
		7CEBDF6A294DE7BA000038C8 /* Sources */ = {
			isa = PBXSourcesBuildPhase;
			buildActionMask = 2147483647;
			files = (
				7CEBDF80294DE865000038C8 /* LoremPicsumTests.swift in Sources */,
				7CEBDF71294DE7BA000038C8 /* LoremPicsumClientTests.swift in Sources */,
			);
			runOnlyForDeploymentPostprocessing = 0;
		};
/* End PBXSourcesBuildPhase section */

/* Begin PBXTargetDependency section */
		7CEBDF73294DE7BA000038C8 /* PBXTargetDependency */ = {
			isa = PBXTargetDependency;
			target = 7CEBDF4F294DE074000038C8 /* LoremPicsumClient */;
			targetProxy = 7CEBDF72294DE7BA000038C8 /* PBXContainerItemProxy */;
		};
/* End PBXTargetDependency section */

/* Begin XCBuildConfiguration section */
		7CEBDF5D294DE075000038C8 /* Debug */ = {
			isa = XCBuildConfiguration;
			buildSettings = {
				ALWAYS_SEARCH_USER_PATHS = NO;
				CLANG_ANALYZER_NONNULL = YES;
				CLANG_ANALYZER_NUMBER_OBJECT_CONVERSION = YES_AGGRESSIVE;
				CLANG_CXX_LANGUAGE_STANDARD = "gnu++20";
				CLANG_ENABLE_MODULES = YES;
				CLANG_ENABLE_OBJC_ARC = YES;
				CLANG_ENABLE_OBJC_WEAK = YES;
				CLANG_WARN_BLOCK_CAPTURE_AUTORELEASING = YES;
				CLANG_WARN_BOOL_CONVERSION = YES;
				CLANG_WARN_COMMA = YES;
				CLANG_WARN_CONSTANT_CONVERSION = YES;
				CLANG_WARN_DEPRECATED_OBJC_IMPLEMENTATIONS = YES;
				CLANG_WARN_DIRECT_OBJC_ISA_USAGE = YES_ERROR;
				CLANG_WARN_DOCUMENTATION_COMMENTS = YES;
				CLANG_WARN_EMPTY_BODY = YES;
				CLANG_WARN_ENUM_CONVERSION = YES;
				CLANG_WARN_INFINITE_RECURSION = YES;
				CLANG_WARN_INT_CONVERSION = YES;
				CLANG_WARN_NON_LITERAL_NULL_CONVERSION = YES;
				CLANG_WARN_OBJC_IMPLICIT_RETAIN_SELF = YES;
				CLANG_WARN_OBJC_LITERAL_CONVERSION = YES;
				CLANG_WARN_OBJC_ROOT_CLASS = YES_ERROR;
				CLANG_WARN_QUOTED_INCLUDE_IN_FRAMEWORK_HEADER = YES;
				CLANG_WARN_RANGE_LOOP_ANALYSIS = YES;
				CLANG_WARN_STRICT_PROTOTYPES = YES;
				CLANG_WARN_SUSPICIOUS_MOVE = YES;
				CLANG_WARN_UNGUARDED_AVAILABILITY = YES_AGGRESSIVE;
				CLANG_WARN_UNREACHABLE_CODE = YES;
				CLANG_WARN__DUPLICATE_METHOD_MATCH = YES;
				COPY_PHASE_STRIP = NO;
				DEBUG_INFORMATION_FORMAT = dwarf;
				ENABLE_STRICT_OBJC_MSGSEND = YES;
				ENABLE_TESTABILITY = YES;
				GCC_C_LANGUAGE_STANDARD = gnu11;
				GCC_DYNAMIC_NO_PIC = NO;
				GCC_NO_COMMON_BLOCKS = YES;
				GCC_OPTIMIZATION_LEVEL = 0;
				GCC_PREPROCESSOR_DEFINITIONS = (
					"DEBUG=1",
					"$(inherited)",
				);
				GCC_WARN_64_TO_32_BIT_CONVERSION = YES;
				GCC_WARN_ABOUT_RETURN_TYPE = YES_ERROR;
				GCC_WARN_UNDECLARED_SELECTOR = YES;
				GCC_WARN_UNINITIALIZED_AUTOS = YES_AGGRESSIVE;
				GCC_WARN_UNUSED_FUNCTION = YES;
				GCC_WARN_UNUSED_VARIABLE = YES;
				MACOSX_DEPLOYMENT_TARGET = 13.1;
				MTL_ENABLE_DEBUG_INFO = INCLUDE_SOURCE;
				MTL_FAST_MATH = YES;
				ONLY_ACTIVE_ARCH = YES;
				SDKROOT = macosx;
				SWIFT_ACTIVE_COMPILATION_CONDITIONS = DEBUG;
				SWIFT_OPTIMIZATION_LEVEL = "-Onone";
			};
			name = Debug;
		};
		7CEBDF5E294DE075000038C8 /* Release */ = {
			isa = XCBuildConfiguration;
			buildSettings = {
				ALWAYS_SEARCH_USER_PATHS = NO;
				CLANG_ANALYZER_NONNULL = YES;
				CLANG_ANALYZER_NUMBER_OBJECT_CONVERSION = YES_AGGRESSIVE;
				CLANG_CXX_LANGUAGE_STANDARD = "gnu++20";
				CLANG_ENABLE_MODULES = YES;
				CLANG_ENABLE_OBJC_ARC = YES;
				CLANG_ENABLE_OBJC_WEAK = YES;
				CLANG_WARN_BLOCK_CAPTURE_AUTORELEASING = YES;
				CLANG_WARN_BOOL_CONVERSION = YES;
				CLANG_WARN_COMMA = YES;
				CLANG_WARN_CONSTANT_CONVERSION = YES;
				CLANG_WARN_DEPRECATED_OBJC_IMPLEMENTATIONS = YES;
				CLANG_WARN_DIRECT_OBJC_ISA_USAGE = YES_ERROR;
				CLANG_WARN_DOCUMENTATION_COMMENTS = YES;
				CLANG_WARN_EMPTY_BODY = YES;
				CLANG_WARN_ENUM_CONVERSION = YES;
				CLANG_WARN_INFINITE_RECURSION = YES;
				CLANG_WARN_INT_CONVERSION = YES;
				CLANG_WARN_NON_LITERAL_NULL_CONVERSION = YES;
				CLANG_WARN_OBJC_IMPLICIT_RETAIN_SELF = YES;
				CLANG_WARN_OBJC_LITERAL_CONVERSION = YES;
				CLANG_WARN_OBJC_ROOT_CLASS = YES_ERROR;
				CLANG_WARN_QUOTED_INCLUDE_IN_FRAMEWORK_HEADER = YES;
				CLANG_WARN_RANGE_LOOP_ANALYSIS = YES;
				CLANG_WARN_STRICT_PROTOTYPES = YES;
				CLANG_WARN_SUSPICIOUS_MOVE = YES;
				CLANG_WARN_UNGUARDED_AVAILABILITY = YES_AGGRESSIVE;
				CLANG_WARN_UNREACHABLE_CODE = YES;
				CLANG_WARN__DUPLICATE_METHOD_MATCH = YES;
				COPY_PHASE_STRIP = NO;
				DEBUG_INFORMATION_FORMAT = "dwarf-with-dsym";
				ENABLE_NS_ASSERTIONS = NO;
				ENABLE_STRICT_OBJC_MSGSEND = YES;
				GCC_C_LANGUAGE_STANDARD = gnu11;
				GCC_NO_COMMON_BLOCKS = YES;
				GCC_WARN_64_TO_32_BIT_CONVERSION = YES;
				GCC_WARN_ABOUT_RETURN_TYPE = YES_ERROR;
				GCC_WARN_UNDECLARED_SELECTOR = YES;
				GCC_WARN_UNINITIALIZED_AUTOS = YES_AGGRESSIVE;
				GCC_WARN_UNUSED_FUNCTION = YES;
				GCC_WARN_UNUSED_VARIABLE = YES;
				MACOSX_DEPLOYMENT_TARGET = 13.1;
				MTL_ENABLE_DEBUG_INFO = NO;
				MTL_FAST_MATH = YES;
				SDKROOT = macosx;
				SWIFT_COMPILATION_MODE = wholemodule;
				SWIFT_OPTIMIZATION_LEVEL = "-O";
			};
			name = Release;
		};
		7CEBDF60294DE075000038C8 /* Debug */ = {
			isa = XCBuildConfiguration;
			buildSettings = {
				ASSETCATALOG_COMPILER_APPICON_NAME = AppIcon;
				ASSETCATALOG_COMPILER_GLOBAL_ACCENT_COLOR_NAME = AccentColor;
				CODE_SIGN_ENTITLEMENTS = LoremPicsumClient/LoremPicsumClient.entitlements;
				CODE_SIGN_STYLE = Automatic;
				COMBINE_HIDPI_IMAGES = YES;
				CURRENT_PROJECT_VERSION = 1;
				DEVELOPMENT_ASSET_PATHS = "\"LoremPicsumClient/Preview Content\"";
				DEVELOPMENT_TEAM = 7HAJV4F6VL;
				ENABLE_HARDENED_RUNTIME = YES;
				ENABLE_PREVIEWS = YES;
				GENERATE_INFOPLIST_FILE = YES;
				INFOPLIST_KEY_NSHumanReadableCopyright = "";
				LD_RUNPATH_SEARCH_PATHS = (
					"$(inherited)",
					"@executable_path/../Frameworks",
				);
				MARKETING_VERSION = 1.0;
				PRODUCT_BUNDLE_IDENTIFIER = "com.oldjewel.The-Big-3.LoremPicsumClient";
				PRODUCT_NAME = "$(TARGET_NAME)";
				SWIFT_EMIT_LOC_STRINGS = YES;
				SWIFT_VERSION = 5.0;
			};
			name = Debug;
		};
		7CEBDF61294DE075000038C8 /* Release */ = {
			isa = XCBuildConfiguration;
			buildSettings = {
				ASSETCATALOG_COMPILER_APPICON_NAME = AppIcon;
				ASSETCATALOG_COMPILER_GLOBAL_ACCENT_COLOR_NAME = AccentColor;
				CODE_SIGN_ENTITLEMENTS = LoremPicsumClient/LoremPicsumClient.entitlements;
				CODE_SIGN_STYLE = Automatic;
				COMBINE_HIDPI_IMAGES = YES;
				CURRENT_PROJECT_VERSION = 1;
				DEVELOPMENT_ASSET_PATHS = "\"LoremPicsumClient/Preview Content\"";
				DEVELOPMENT_TEAM = 7HAJV4F6VL;
				ENABLE_HARDENED_RUNTIME = YES;
				ENABLE_PREVIEWS = YES;
				GENERATE_INFOPLIST_FILE = YES;
				INFOPLIST_KEY_NSHumanReadableCopyright = "";
				LD_RUNPATH_SEARCH_PATHS = (
					"$(inherited)",
					"@executable_path/../Frameworks",
				);
				MARKETING_VERSION = 1.0;
				PRODUCT_BUNDLE_IDENTIFIER = "com.oldjewel.The-Big-3.LoremPicsumClient";
				PRODUCT_NAME = "$(TARGET_NAME)";
				SWIFT_EMIT_LOC_STRINGS = YES;
				SWIFT_VERSION = 5.0;
			};
			name = Release;
		};
		7CEBDF74294DE7BA000038C8 /* Debug */ = {
			isa = XCBuildConfiguration;
			buildSettings = {
				BUNDLE_LOADER = "$(TEST_HOST)";
				CODE_SIGN_STYLE = Automatic;
				CURRENT_PROJECT_VERSION = 1;
				DEVELOPMENT_TEAM = 7HAJV4F6VL;
				GENERATE_INFOPLIST_FILE = YES;
				MARKETING_VERSION = 1.0;
				PRODUCT_BUNDLE_IDENTIFIER = "com.oldjewel.The-Big-3.LoremPicsumClientTests";
				PRODUCT_NAME = "$(TARGET_NAME)";
				SWIFT_EMIT_LOC_STRINGS = NO;
				SWIFT_VERSION = 5.0;
				TEST_HOST = "$(BUILT_PRODUCTS_DIR)/LoremPicsumClient.app/$(BUNDLE_EXECUTABLE_FOLDER_PATH)/LoremPicsumClient";
			};
			name = Debug;
		};
		7CEBDF75294DE7BA000038C8 /* Release */ = {
			isa = XCBuildConfiguration;
			buildSettings = {
				BUNDLE_LOADER = "$(TEST_HOST)";
				CODE_SIGN_STYLE = Automatic;
				CURRENT_PROJECT_VERSION = 1;
				DEVELOPMENT_TEAM = 7HAJV4F6VL;
				GENERATE_INFOPLIST_FILE = YES;
				MARKETING_VERSION = 1.0;
				PRODUCT_BUNDLE_IDENTIFIER = "com.oldjewel.The-Big-3.LoremPicsumClientTests";
				PRODUCT_NAME = "$(TARGET_NAME)";
				SWIFT_EMIT_LOC_STRINGS = NO;
				SWIFT_VERSION = 5.0;
				TEST_HOST = "$(BUILT_PRODUCTS_DIR)/LoremPicsumClient.app/$(BUNDLE_EXECUTABLE_FOLDER_PATH)/LoremPicsumClient";
			};
			name = Release;
		};
/* End XCBuildConfiguration section */

/* Begin XCConfigurationList section */
		7CEBDF4B294DE074000038C8 /* Build configuration list for PBXProject "LoremPicsumClient" */ = {
			isa = XCConfigurationList;
			buildConfigurations = (
				7CEBDF5D294DE075000038C8 /* Debug */,
				7CEBDF5E294DE075000038C8 /* Release */,
			);
			defaultConfigurationIsVisible = 0;
			defaultConfigurationName = Release;
		};
		7CEBDF5F294DE075000038C8 /* Build configuration list for PBXNativeTarget "LoremPicsumClient" */ = {
			isa = XCConfigurationList;
			buildConfigurations = (
				7CEBDF60294DE075000038C8 /* Debug */,
				7CEBDF61294DE075000038C8 /* Release */,
			);
			defaultConfigurationIsVisible = 0;
			defaultConfigurationName = Release;
		};
		7CEBDF76294DE7BA000038C8 /* Build configuration list for PBXNativeTarget "LoremPicsumClientTests" */ = {
			isa = XCConfigurationList;
			buildConfigurations = (
				7CEBDF74294DE7BA000038C8 /* Debug */,
				7CEBDF75294DE7BA000038C8 /* Release */,
			);
			defaultConfigurationIsVisible = 0;
			defaultConfigurationName = Release;
		};
/* End XCConfigurationList section */
	};
	rootObject = 7CEBDF48294DE074000038C8 /* Project object */;
}
